
Microsoft Visual Studio Solution File, Format Version 12.00
# Visual Studio Version 16
VisualStudioVersion = 25.0.1703.4
MinimumVisualStudioVersion = 10.0.40219.1
Project("{FAE04EC0-301F-11D3-BF4B-00C04F79EFBC}") = "Homework_7_1_Address", "Homework_7_1_Address\Homework_7_1_Address.csproj", "{2BC8788D-DB50-4C0E-8A81-B029C8A34DF3}"
EndProject
Global
	GlobalSection(SolutionConfigurationPlatforms) = preSolution
		Debug|Any CPU = Debug|Any CPU
		Release|Any CPU = Release|Any CPU
	EndGlobalSection
	GlobalSection(ProjectConfigurationPlatforms) = postSolution
		{2BC8788D-DB50-4C0E-8A81-B029C8A34DF3}.Debug|Any CPU.ActiveCfg = Debug|Any CPU
		{2BC8788D-DB50-4C0E-8A81-B029C8A34DF3}.Debug|Any CPU.Build.0 = Debug|Any CPU
		{2BC8788D-DB50-4C0E-8A81-B029C8A34DF3}.Release|Any CPU.ActiveCfg = Release|Any CPU
		{2BC8788D-DB50-4C0E-8A81-B029C8A34DF3}.Release|Any CPU.Build.0 = Release|Any CPU
	EndGlobalSection
	GlobalSection(SolutionProperties) = preSolution
		HideSolutionNode = FALSE
	EndGlobalSection
	GlobalSection(ExtensibilityGlobals) = postSolution
		SolutionGuid = {0D946790-C8B7-4F85-B8AC-FE6DEBE8D1E3}
	EndGlobalSection
EndGlobal
